
Microsoft Visual Studio Solution File, Format Version 12.00
# Visual Studio 2012
Project("{FAE04EC0-301F-11D3-BF4B-00C04F79EFBC}") = "servertest", "servertest.csproj", "{8A5CDEE3-EB91-4797-8EA4-1B6EE6D4BB0A}"
EndProject
Global
	GlobalSection(SolutionConfigurationPlatforms) = preSolution
		Debug|Any CPU = Debug|Any CPU
		Release|Any CPU = Release|Any CPU
	EndGlobalSection
	GlobalSection(ProjectConfigurationPlatforms) = postSolution
		{8A5CDEE3-EB91-4797-8EA4-1B6EE6D4BB0A}.Debug|Any CPU.ActiveCfg = Debug|Any CPU
		{8A5CDEE3-EB91-4797-8EA4-1B6EE6D4BB0A}.Debug|Any CPU.Build.0 = Debug|Any CPU
		{8A5CDEE3-EB91-4797-8EA4-1B6EE6D4BB0A}.Release|Any CPU.ActiveCfg = Release|Any CPU
		{8A5CDEE3-EB91-4797-8EA4-1B6EE6D4BB0A}.Release|Any CPU.Build.0 = Release|Any CPU
	EndGlobalSection
EndGlobal
